PATH
  remote: .
  specs:
    ask-skills (0.2.0)

GEM
  remote: https://rubygems.org/
  specs:
    minitest (5.27.0)
    mocha (3.1.0)
      ruby2_keywords (>= 0.0.5)
    rake (13.4.2)
    ruby2_keywords (0.0.5)

PLATFORMS
  arm64-darwin-24
  ruby

DEPENDENCIES
  ask-skills!
  minitest (~> 5.25)
  mocha (~> 3.1)
  rake (~> 13.0)

CHECKSUMS
  ask-skills (0.2.0)
  bundler (4.0.12) sha256=7f8b757d28dfb636e7b24fba2344ac6dd13b5b24f4b46d62573d483f211825ac
  minitest (5.27.0)
  mocha (3.1.0)
  rake (13.4.2)
  ruby2_keywords (0.0.5)

BUNDLED WITH
  4.0.12
